
Microsoft Visual Studio Solution File, Format Version 12.00
# Visual Studio Version 17
VisualStudioVersion = 17.6.33723.286
MinimumVisualStudioVersion = 10.0.40219.1
Project("{9A19103F-16F7-4668-BE54-9A1E7A4F7556}") = "Employee-Payroll-Service", "Employee-Payroll-Service.csproj", "{4E5AF328-66CE-4EC3-8424-05E45A7CBC06}"
EndProject
Project("{FAE04EC0-301F-11D3-BF4B-00C04F79EFBC}") = "JSON_Server_Test", "..\JSON_Server_Test\JSON_Server_Test.csproj", "{CC29A5EC-C43F-458F-AC8A-3B2489E12366}"
EndProject
Global
	GlobalSection(SolutionConfigurationPlatforms) = preSolution
		Debug|Any CPU = Debug|Any CPU
		Release|Any CPU = Release|Any CPU
	EndGlobalSection
	GlobalSection(ProjectConfigurationPlatforms) = postSolution
		{4E5AF328-66CE-4EC3-8424-05E45A7CBC06}.Debug|Any CPU.ActiveCfg = Debug|Any CPU
		{4E5AF328-66CE-4EC3-8424-05E45A7CBC06}.Debug|Any CPU.Build.0 = Debug|Any CPU
		{4E5AF328-66CE-4EC3-8424-05E45A7CBC06}.Release|Any CPU.ActiveCfg = Release|Any CPU
		{4E5AF328-66CE-4EC3-8424-05E45A7CBC06}.Release|Any CPU.Build.0 = Release|Any CPU
		{CC29A5EC-C43F-458F-AC8A-3B2489E12366}.Debug|Any CPU.ActiveCfg = Debug|Any CPU
		{CC29A5EC-C43F-458F-AC8A-3B2489E12366}.Debug|Any CPU.Build.0 = Debug|Any CPU
		{CC29A5EC-C43F-458F-AC8A-3B2489E12366}.Release|Any CPU.ActiveCfg = Release|Any CPU
		{CC29A5EC-C43F-458F-AC8A-3B2489E12366}.Release|Any CPU.Build.0 = Release|Any CPU
	EndGlobalSection
	GlobalSection(SolutionProperties) = preSolution
		HideSolutionNode = FALSE
	EndGlobalSection
	GlobalSection(ExtensibilityGlobals) = postSolution
		SolutionGuid = {C9F5FEEA-D229-4F9A-939E-B1C5EA4FC366}
	EndGlobalSection
EndGlobal
